lockfileVersion: '9.0'

settings:
  autoInstallPeers: true
  excludeLinksFromLockfile: false

importers:

  .:
    dependencies:
      apicustomerrors:
        specifier: ^1.0.0
        version: 1.0.0

packages:

  apicustomerrors@1.0.0:
    resolution: {integrity: sha512-kH1g9Sv5pJrXP6zDjKv+v99rY+PysmRux+QammjLX3lAF+6Xh+SUqBwDO0hhK6xyDPDPhn40HLwyUcH3WLOI9w==}

snapshots:

  apicustomerrors@1.0.0: {}
